
Microsoft Visual Studio Solution File, Format Version 12.00
# Visual Studio 15
VisualStudioVersion = 15.0.26430.6
MinimumVisualStudioVersion = 10.0.40219.1
Project("{FAE04EC0-301F-11D3-BF4B-00C04F79EFBC}") = "MobileCenterDemoApp.Android", "MobileCenterDemoApp\MobileCenterDemoApp.Android\MobileCenterDemoApp.Android.csproj", "{5C74ECBE-6624-419E-85C3-0604C53B23FB}"
EndProject
Project("{FAE04EC0-301F-11D3-BF4B-00C04F79EFBC}") = "MobileCenterDemoApp.iOS", "MobileCenterDemoApp\MobileCenterDemoApp.iOS\MobileCenterDemoApp.iOS.csproj", "{C9437263-E6F4-44EE-A72E-266C6C7BC886}"
EndProject
Project("{D954291E-2A0B-460D-934E-DC6B0785DB48}") = "MobileCenterDemoApp", "MobileCenterDemoApp\MobileCenterDemoApp\MobileCenterDemoApp.shproj", "{ACF200BD-99F5-4F57-9AB6-86D3BBCF3EF8}"
EndProject
Global
	GlobalSection(SharedMSBuildProjectFiles) = preSolution
		MobileCenterDemoApp\MobileCenterDemoApp\MobileCenterApp.projitems*{5c74ecbe-6624-419e-85c3-0604c53b23fb}*SharedItemsImports = 4
		MobileCenterDemoApp\MobileCenterDemoApp\MobileCenterApp.projitems*{acf200bd-99f5-4f57-9ab6-86d3bbcf3ef8}*SharedItemsImports = 13
		MobileCenterDemoApp\MobileCenterDemoApp\MobileCenterApp.projitems*{c9437263-e6f4-44ee-a72e-266c6c7bc886}*SharedItemsImports = 4
	EndGlobalSection
	GlobalSection(SolutionConfigurationPlatforms) = preSolution
		Ad-Hoc|Any CPU = Ad-Hoc|Any CPU
		Ad-Hoc|iPhone = Ad-Hoc|iPhone
		Ad-Hoc|iPhoneSimulator = Ad-Hoc|iPhoneSimulator
		AppStore|Any CPU = AppStore|Any CPU
		AppStore|iPhone = AppStore|iPhone
		AppStore|iPhoneSimulator = AppStore|iPhoneSimulator
		Debug|Any CPU = Debug|Any CPU
		Debug|iPhone = Debug|iPhone
		Debug|iPhoneSimulator = Debug|iPhoneSimulator
		Release|Any CPU = Release|Any CPU
		Release|iPhone = Release|iPhone
		Release|iPhoneSimulator = Release|iPhoneSimulator
	EndGlobalSection
	GlobalSection(ProjectConfigurationPlatforms) = postSolution
		{5C74ECBE-6624-419E-85C3-0604C53B23FB}.Ad-Hoc|Any CPU.ActiveCfg = Release|Any CPU
		{5C74ECBE-6624-419E-85C3-0604C53B23FB}.Ad-Hoc|Any CPU.Build.0 = Release|Any CPU
		{5C74ECBE-6624-419E-85C3-0604C53B23FB}.Ad-Hoc|Any CPU.Deploy.0 = Release|Any CPU
		{5C74ECBE-6624-419E-85C3-0604C53B23FB}.Ad-Hoc|iPhone.ActiveCfg = Release|Any CPU
		{5C74ECBE-6624-419E-85C3-0604C53B23FB}.Ad-Hoc|iPhone.Build.0 = Release|Any CPU
		{5C74ECBE-6624-419E-85C3-0604C53B23FB}.Ad-Hoc|iPhone.Deploy.0 = Release|Any CPU
		{5C74ECBE-6624-419E-85C3-0604C53B23FB}.Ad-Hoc|iPhoneSimulator.ActiveCfg = Release|Any CPU
		{5C74ECBE-6624-419E-85C3-0604C53B23FB}.Ad-Hoc|iPhoneSimulator.Build.0 = Release|Any CPU
		{5C74ECBE-6624-419E-85C3-0604C53B23FB}.Ad-Hoc|iPhoneSimulator.Deploy.0 = Release|Any CPU
		{5C74ECBE-6624-419E-85C3-0604C53B23FB}.AppStore|Any CPU.ActiveCfg = Release|Any CPU
		{5C74ECBE-6624-419E-85C3-0604C53B23FB}.AppStore|Any CPU.Build.0 = Release|Any CPU
		{5C74ECBE-6624-419E-85C3-0604C53B23FB}.AppStore|Any CPU.Deploy.0 = Release|Any CPU
		{5C74ECBE-6624-419E-85C3-0604C53B23FB}.AppStore|iPhone.ActiveCfg = Release|Any CPU
		{5C74ECBE-6624-419E-85C3-0604C53B23FB}.AppStore|iPhone.Build.0 = Release|Any CPU
		{5C74ECBE-6624-419E-85C3-0604C53B23FB}.AppStore|iPhone.Deploy.0 = Release|Any CPU
		{5C74ECBE-6624-419E-85C3-0604C53B23FB}.AppStore|iPhoneSimulator.ActiveCfg = Release|Any CPU
		{5C74ECBE-6624-419E-85C3-0604C53B23FB}.AppStore|iPhoneSimulator.Build.0 = Release|Any CPU
		{5C74ECBE-6624-419E-85C3-0604C53B23FB}.AppStore|iPhoneSimulator.Deploy.0 = Release|Any CPU
		{5C74ECBE-6624-419E-85C3-0604C53B23FB}.Debug|Any CPU.ActiveCfg = Debug|Any CPU
		{5C74ECBE-6624-419E-85C3-0604C53B23FB}.Debug|Any CPU.Build.0 = Debug|Any CPU
		{5C74ECBE-6624-419E-85C3-0604C53B23FB}.Debug|Any CPU.Deploy.0 = Debug|Any CPU
		{5C74ECBE-6624-419E-85C3-0604C53B23FB}.Debug|iPhone.ActiveCfg = Debug|Any CPU
		{5C74ECBE-6624-419E-85C3-0604C53B23FB}.Debug|iPhone.Build.0 = Debug|Any CPU
		{5C74ECBE-6624-419E-85C3-0604C53B23FB}.Debug|iPhone.Deploy.0 = Debug|Any CPU
		{5C74ECBE-6624-419E-85C3-0604C53B23FB}.Debug|iPhoneSimulator.ActiveCfg = Debug|Any CPU
		{5C74ECBE-6624-419E-85C3-0604C53B23FB}.Debug|iPhoneSimulator.Build.0 = Debug|Any CPU
		{5C74ECBE-6624-419E-85C3-0604C53B23FB}.Debug|iPhoneSimulator.Deploy.0 = Debug|Any CPU
		{5C74ECBE-6624-419E-85C3-0604C53B23FB}.Release|Any CPU.ActiveCfg = Release|Any CPU
		{5C74ECBE-6624-419E-85C3-0604C53B23FB}.Release|Any CPU.Build.0 = Release|Any CPU
		{5C74ECBE-6624-419E-85C3-0604C53B23FB}.Release|Any CPU.Deploy.0 = Release|Any CPU
		{5C74ECBE-6624-419E-85C3-0604C53B23FB}.Release|iPhone.ActiveCfg = Release|Any CPU
		{5C74ECBE-6624-419E-85C3-0604C53B23FB}.Release|iPhone.Build.0 = Release|Any CPU
		{5C74ECBE-6624-419E-85C3-0604C53B23FB}.Release|iPhone.Deploy.0 = Release|Any CPU
		{5C74ECBE-6624-419E-85C3-0604C53B23FB}.Release|iPhoneSimulator.ActiveCfg = Release|Any CPU
		{5C74ECBE-6624-419E-85C3-0604C53B23FB}.Release|iPhoneSimulator.Build.0 = Release|Any CPU
		{5C74ECBE-6624-419E-85C3-0604C53B23FB}.Release|iPhoneSimulator.Deploy.0 = Release|Any CPU
		{C9437263-E6F4-44EE-A72E-266C6C7BC886}.Ad-Hoc|Any CPU.ActiveCfg = Ad-Hoc|iPhone
		{C9437263-E6F4-44EE-A72E-266C6C7BC886}.Ad-Hoc|iPhone.ActiveCfg = Ad-Hoc|iPhone
		{C9437263-E6F4-44EE-A72E-266C6C7BC886}.Ad-Hoc|iPhone.Build.0 = Ad-Hoc|iPhone
		{C9437263-E6F4-44EE-A72E-266C6C7BC886}.Ad-Hoc|iPhoneSimulator.ActiveCfg = Ad-Hoc|iPhoneSimulator
		{C9437263-E6F4-44EE-A72E-266C6C7BC886}.Ad-Hoc|iPhoneSimulator.Build.0 = Ad-Hoc|iPhoneSimulator
		{C9437263-E6F4-44EE-A72E-266C6C7BC886}.AppStore|Any CPU.ActiveCfg = AppStore|iPhone
		{C9437263-E6F4-44EE-A72E-266C6C7BC886}.AppStore|iPhone.ActiveCfg = AppStore|iPhone
		{C9437263-E6F4-44EE-A72E-266C6C7BC886}.AppStore|iPhone.Build.0 = AppStore|iPhone
		{C9437263-E6F4-44EE-A72E-266C6C7BC886}.AppStore|iPhoneSimulator.ActiveCfg = AppStore|iPhoneSimulator
		{C9437263-E6F4-44EE-A72E-266C6C7BC886}.AppStore|iPhoneSimulator.Build.0 = AppStore|iPhoneSimulator
		{C9437263-E6F4-44EE-A72E-266C6C7BC886}.Debug|Any CPU.ActiveCfg = Debug|iPhone
		{C9437263-E6F4-44EE-A72E-266C6C7BC886}.Debug|iPhone.ActiveCfg = Debug|iPhoneSimulator
		{C9437263-E6F4-44EE-A72E-266C6C7BC886}.Debug|iPhone.Build.0 = Debug|iPhoneSimulator
		{C9437263-E6F4-44EE-A72E-266C6C7BC886}.Debug|iPhone.Deploy.0 = Debug|iPhoneSimulator
		{C9437263-E6F4-44EE-A72E-266C6C7BC886}.Debug|iPhoneSimulator.ActiveCfg = Debug|iPhoneSimulator
		{C9437263-E6F4-44EE-A72E-266C6C7BC886}.Debug|iPhoneSimulator.Build.0 = Debug|iPhoneSimulator
		{C9437263-E6F4-44EE-A72E-266C6C7BC886}.Debug|iPhoneSimulator.Deploy.0 = Debug|iPhoneSimulator
		{C9437263-E6F4-44EE-A72E-266C6C7BC886}.Release|Any CPU.ActiveCfg = Release|iPhone
		{C9437263-E6F4-44EE-A72E-266C6C7BC886}.Release|iPhone.ActiveCfg = Release|iPhone
		{C9437263-E6F4-44EE-A72E-266C6C7BC886}.Release|iPhone.Build.0 = Release|iPhone
		{C9437263-E6F4-44EE-A72E-266C6C7BC886}.Release|iPhoneSimulator.ActiveCfg = Release|iPhoneSimulator
		{C9437263-E6F4-44EE-A72E-266C6C7BC886}.Release|iPhoneSimulator.Build.0 = Release|iPhoneSimulator
		{C9437263-E6F4-44EE-A72E-266C6C7BC886}.Ad-Hoc|Any CPU.Build.0 = Ad-Hoc|iPhone
		{C9437263-E6F4-44EE-A72E-266C6C7BC886}.AppStore|Any CPU.Build.0 = AppStore|iPhone
		{C9437263-E6F4-44EE-A72E-266C6C7BC886}.Debug|Any CPU.Build.0 = Debug|iPhone
		{C9437263-E6F4-44EE-A72E-266C6C7BC886}.Release|Any CPU.Build.0 = Release|iPhone
	EndGlobalSection
	GlobalSection(SolutionProperties) = preSolution
		HideSolutionNode = FALSE
	EndGlobalSection
	GlobalSection(MonoDevelopProperties) = preSolution
		Policies = $0
		$0.DotNetNamingPolicy = $1
		$1.DirectoryNamespaceAssociation = PrefixedHierarchical
	EndGlobalSection
EndGlobal
